# This file is @generated by PDM.
# It is not intended for manual editing.

[metadata]
groups = ["default"]
strategy = ["cross_platform", "inherit_metadata", "static_urls"]
lock_version = "4.4.1"
content_hash = "sha256:43ddce6efa94d3cfde5b373f6779562a3bb6dbaf30e52d487dd7f247f71ca832"

[[package]]
name = "humanize"
version = "4.9.0"
requires_python = ">=3.8"
summary = "Python humanize utilities"
groups = ["default"]
files = [
    {url = "https://files.pythonhosted.org/packages/76/21/7a0b24fae849562397efd79da58e62437243ae0fd0f6c09c6bc26225b75c/humanize-4.9.0.tar.gz", hash = "sha256:582a265c931c683a7e9b8ed9559089dea7edcf6cc95be39a3cbc2c5d5ac2bcfa"},
    {url = "https://files.pythonhosted.org/packages/aa/2b/2ae0c789fd08d5b44e745726d08a17e6d3d7d09071d05473105edc7615f2/humanize-4.9.0-py3-none-any.whl", hash = "sha256:ce284a76d5b1377fd8836733b983bfb0b76f1aa1c090de2566fcf008d7f6ab16"},
]
